<?xml version="1.0" encoding="utf-8"?>
<Project ToolsVersion="4.0" xmlns="http://schemas.microsoft.com/developer/msbuild/2003">
  <ItemGroup>
    <Filter Include="Source Files">
      <UniqueIdentifier>{4FC737F1-C7A5-4376-A066-2A32D752A2FF}</UniqueIdentifier>
      <Extensions>cpp;c;cc;cxx;c++;cppm;ixx;def;odl;idl;hpj;bat;asm;asmx</Extensions>
    </Filter>
    <Filter Include="Header Files">
      <UniqueIdentifier>{93995380-89BD-4b04-88EB-625FBE52EBFB}</UniqueIdentifier>
      <Extensions>h;hh;hpp;hxx;h++;hm;inl;inc;ipp;xsd</Extensions>
    </Filter>
    <Filter Include="Resource Files">
      <UniqueIdentifier>{67DA6AB6-F800-4c08-8B7A-83BB121AAD01}</UniqueIdentifier>
      <Extensions>rc;ico;cur;bmp;dlg;rc2;rct;bin;rgs;gif;jpg;jpeg;jpe;resx;tiff;tif;png;wav;mfcribbon-ms</Extensions>
    </Filter>
  </ItemGroup>
  <ItemGroup>
    <ClCompile Include="scr\Simulator.cpp">
      <Filter>Source Files</Filter>
    </ClCompile>
    <ClCompile Include="scr\PDEs\ContinuityPressureSystem.cpp">
      <Filter>Source Files</Filter>
    </ClCompile>
    <ClCompile Include="scr\PDEs\ContinuityVelocitySystem.cpp">
      <Filter>Source Files</Filter>
    </ClCompile>
    <ClCompile Include="scr\PDEs\DiffusionSystem.cpp">
      <Filter>Source Files</Filter>
    </ClCompile>
    <ClCompile Include="scr\PDEs\INonLinearSystem.cpp">
      <Filter>Source Files</Filter>
    </ClCompile>
    <ClCompile Include="scr\DataLogger\DataLogger.cpp">
      <Filter>Source Files</Filter>
    </ClCompile>
    <ClCompile Include="scr\SystemObjects\PackedBed.cpp">
      <Filter>Source Files</Filter>
    </ClCompile>
    <ClCompile Include="scr\Steps\FlowThrough.cpp">
      <Filter>Source Files</Filter>
    </ClCompile>
    <ClCompile Include="scr\Steps\Pressurize.cpp">
      <Filter>Source Files</Filter>
    </ClCompile>
  </ItemGroup>
  <ItemGroup>
    <ClInclude Include="scr\VectorFunctions\VectorNorm.h">
      <Filter>Header Files</Filter>
    </ClInclude>
    <ClInclude Include="scr\VectorFunctions\VectorPrinter.h">
      <Filter>Header Files</Filter>
    </ClInclude>
    <ClInclude Include="scr\PDEs\INonLinearSystem.h">
      <Filter>Header Files</Filter>
    </ClInclude>
    <ClInclude Include="scr\PDEs\DiffusionSystem.h">
      <Filter>Header Files</Filter>
    </ClInclude>
    <ClInclude Include="scr\PDEs\ContinuityPressureSystem.h">
      <Filter>Header Files</Filter>
    </ClInclude>
    <ClInclude Include="scr\PDEs\ContinuityVelocitySystem.h">
      <Filter>Header Files</Filter>
    </ClInclude>
    <ClInclude Include="scr\Solver\OuterItteration.h">
      <Filter>Header Files</Filter>
    </ClInclude>
    <ClInclude Include="scr\Solver\NonLinearSolver.h">
      <Filter>Header Files</Filter>
    </ClInclude>
    <ClInclude Include="scr\BoundaryConditions\IBoundaryCondition.h">
      <Filter>Header Files</Filter>
    </ClInclude>
    <ClInclude Include="scr\BoundaryConditions\BoundaryCondition_Constant.h">
      <Filter>Header Files</Filter>
    </ClInclude>
    <ClInclude Include="scr\BoundaryConditions\BoundaryCondition_Flux.h">
      <Filter>Header Files</Filter>
    </ClInclude>
    <ClInclude Include="scr\DataLogger\DataLogger.h">
      <Filter>Header Files</Filter>
    </ClInclude>
    <ClInclude Include="scr\BoundaryConditions\BoundaryCondition_Step.h">
      <Filter>Header Files</Filter>
    </ClInclude>
    <ClInclude Include="scr\BoundaryConditions\BoundaryCondition_Pulse.h">
      <Filter>Header Files</Filter>
    </ClInclude>
    <ClInclude Include="scr\SystemObjects\PackedBed.h">
      <Filter>Header Files</Filter>
    </ClInclude>
    <ClInclude Include="scr\Steps\FlowThrough.h">
      <Filter>Header Files</Filter>
    </ClInclude>
    <ClInclude Include="scr\Steps\IStep.h">
      <Filter>Header Files</Filter>
    </ClInclude>
    <ClInclude Include="scr\Steps\Pressurize.h">
      <Filter>Header Files</Filter>
    </ClInclude>
  </ItemGroup>
</Project>